
Microsoft Visual Studio Solution File, Format Version 12.00
# Visual Studio 15
VisualStudioVersion = 15.0.27703.2047
MinimumVisualStudioVersion = 10.0.40219.1
Project("{FAE04EC0-301F-11D3-BF4B-00C04F79EFBC}") = "CS", "CS\CS.csproj", "{32B51AA4-77AA-40CD-BAD3-7BBBD71377B8}"
EndProject
Global
	GlobalSection(SolutionConfigurationPlatforms) = preSolution
		Debug|Any CPU = Debug|Any CPU
		Release|Any CPU = Release|Any CPU
	EndGlobalSection
	GlobalSection(ProjectConfigurationPlatforms) = postSolution
		{32B51AA4-77AA-40CD-BAD3-7BBBD71377B8}.Debug|Any CPU.ActiveCfg = Debug|Any CPU
		{32B51AA4-77AA-40CD-BAD3-7BBBD71377B8}.Debug|Any CPU.Build.0 = Debug|Any CPU
		{32B51AA4-77AA-40CD-BAD3-7BBBD71377B8}.Release|Any CPU.ActiveCfg = Release|Any CPU
		{32B51AA4-77AA-40CD-BAD3-7BBBD71377B8}.Release|Any CPU.Build.0 = Release|Any CPU
	EndGlobalSection
	GlobalSection(SolutionProperties) = preSolution
		HideSolutionNode = FALSE
	EndGlobalSection
	GlobalSection(ExtensibilityGlobals) = postSolution
		SolutionGuid = {17EC3C27-4CED-4D06-9B3F-CB60A3322435}
	EndGlobalSection
EndGlobal
